
Microsoft Visual Studio Solution File, Format Version 12.00
# Visual Studio Version 17
VisualStudioVersion = 17.14.36202.13
MinimumVisualStudioVersion = 10.0.40219.1
Project("{FAE04EC0-301F-11D3-BF4B-00C04F79EFBC}") = "GitSTest", "GitSTest\GitSTest.csproj", "{A52647FD-77AC-42C7-BAF0-E6EE3E0BB611}"
EndProject
Global
	GlobalSection(SolutionConfigurationPlatforms) = preSolution
		Debug|Any CPU = Debug|Any CPU
		Debug|x64 = Debug|x64
		Release|Any CPU = Release|Any CPU
		Release|x64 = Release|x64
	EndGlobalSection
	GlobalSection(ProjectConfigurationPlatforms) = postSolution
		{A52647FD-77AC-42C7-BAF0-E6EE3E0BB611}.Debug|Any CPU.ActiveCfg = Debug|Any CPU
		{A52647FD-77AC-42C7-BAF0-E6EE3E0BB611}.Debug|Any CPU.Build.0 = Debug|Any CPU
		{A52647FD-77AC-42C7-BAF0-E6EE3E0BB611}.Debug|x64.ActiveCfg = Debug|x64
		{A52647FD-77AC-42C7-BAF0-E6EE3E0BB611}.Debug|x64.Build.0 = Debug|x64
		{A52647FD-77AC-42C7-BAF0-E6EE3E0BB611}.Release|Any CPU.ActiveCfg = Release|Any CPU
		{A52647FD-77AC-42C7-BAF0-E6EE3E0BB611}.Release|Any CPU.Build.0 = Release|Any CPU
		{A52647FD-77AC-42C7-BAF0-E6EE3E0BB611}.Release|x64.ActiveCfg = Release|x64
		{A52647FD-77AC-42C7-BAF0-E6EE3E0BB611}.Release|x64.Build.0 = Release|x64
	EndGlobalSection
	GlobalSection(SolutionProperties) = preSolution
		HideSolutionNode = FALSE
	EndGlobalSection
	GlobalSection(ExtensibilityGlobals) = postSolution
		SolutionGuid = {51D6D224-8593-4A79-AA80-AB0AC69E6D9C}
	EndGlobalSection
EndGlobal
